
Microsoft Visual Studio Solution File, Format Version 12.00
# Visual Studio Version 17
Project("{2150E333-8FDC-42A3-9474-1A3956D46DE8}") = "src", "src", "{52E9752E-C2DC-4312-84F9-4DEF5CABC624}"
EndProject
Project("{2150E333-8FDC-42A3-9474-1A3956D46DE8}") = "tests", "tests", "{5BBBA998-C761-4EDA-9924-19070B6A71D8}"
EndProject
Project("{2150E333-8FDC-42A3-9474-1A3956D46DE8}") = "Impls", "Impls", "{DE64E6EF-B0AD-4DFC-9148-2DA314C7795B}"
EndProject
Project("{9A19103F-16F7-4668-BE54-9A1E7A4F7556}") = "SeedWork", "src\Impls\SeedWork\SeedWork.csproj", "{95D31EE6-D053-460E-9EFA-BF2998F7A6A8}"
EndProject
Project("{FAE04EC0-301F-11D3-BF4B-00C04F79EFBC}") = "SeedWork.UnitTests", "tests\Impls\SeedWork.UnitTests\SeedWork.UnitTests.csproj", "{36B55B27-A163-435E-850B-7B3D6C4D08D2}"
EndProject
Project("{2150E333-8FDC-42A3-9474-1A3956D46DE8}") = "Impls", "Impls", "{D501608A-4951-4423-B53C-019DB1CA1E16}"
EndProject
Project("{FAE04EC0-301F-11D3-BF4B-00C04F79EFBC}") = "Handler", "src\Impls\Handler\Handler.csproj", "{8D7B75C4-C1BC-476D-84B8-FE4177E23052}"
EndProject
Project("{FAE04EC0-301F-11D3-BF4B-00C04F79EFBC}") = "Handler.UnitTests", "tests\Impls\Handler.UnitTests\Handler.UnitTests.csproj", "{9D005E96-0588-4FC1-8F79-AB922D3F2972}"
EndProject
Project("{2150E333-8FDC-42A3-9474-1A3956D46DE8}") = "Abstracts", "Abstracts", "{7167596B-AF67-4970-9C47-6E513C0CE42D}"
EndProject
Project("{FAE04EC0-301F-11D3-BF4B-00C04F79EFBC}") = "DocGenerator.Abstract", "src\Abstracts\DocGenerator.Abstract\DocGenerator.Abstract.csproj", "{C0848611-7795-489B-A912-865EE1F0427A}"
EndProject
Project("{FAE04EC0-301F-11D3-BF4B-00C04F79EFBC}") = "DocGenerator", "src\Impls\DocGenerator\DocGenerator.csproj", "{327A2AB6-0A31-4B71-A870-01216E6DF338}"
EndProject
Project("{FAE04EC0-301F-11D3-BF4B-00C04F79EFBC}") = "Web.Abstract", "src\Abstracts\Web.Abstract\Web.Abstract.csproj", "{1E41DF83-9C21-4872-BF30-8D799F3F3A5B}"
EndProject
Project("{FAE04EC0-301F-11D3-BF4B-00C04F79EFBC}") = "Web", "src\Impls\Web\Web.csproj", "{E5E6CDF4-07F2-43AE-9D95-373B63AF3912}"
EndProject
Project("{FAE04EC0-301F-11D3-BF4B-00C04F79EFBC}") = "DBTools.EntityFramework", "src\Impls\DBTools.EntityFramework\DBTools.EntityFramework.csproj", "{EFB715C3-EFA6-4F97-B167-2A7C81947EC6}"
EndProject
Project("{2150E333-8FDC-42A3-9474-1A3956D46DE8}") = "EventBus", "EventBus", "{CD565F30-EE9D-4ECA-82EC-62907AE1B4BC}"
EndProject
Project("{FAE04EC0-301F-11D3-BF4B-00C04F79EFBC}") = "EventBus", "src\Impls\EventBus\EventBus\EventBus.csproj", "{C711CEBD-1D58-4829-B121-DCFEDEE6E9D6}"
EndProject
Project("{FAE04EC0-301F-11D3-BF4B-00C04F79EFBC}") = "EventBus.RabbitMQ", "src\Impls\EventBus\EventBus.RabbitMQ\EventBus.RabbitMQ.csproj", "{201DF4DB-BB70-453E-94B7-40C26085BB2A}"
EndProject
Project("{FAE04EC0-301F-11D3-BF4B-00C04F79EFBC}") = "Handler.Abstract", "src\Abstracts\Handler.Abstract\Handler.Abstract.csproj", "{7AA3A580-1804-4537-BDB7-56D066F06D21}"
EndProject
Project("{FAE04EC0-301F-11D3-BF4B-00C04F79EFBC}") = "Resilience.Http", "src\Impls\Resilience.Http\Resilience.Http.csproj", "{495765C7-0F6C-49F2-873B-B95DE618BE7B}"
EndProject
Project("{FAE04EC0-301F-11D3-BF4B-00C04F79EFBC}") = "Zipkin.Tracing", "src\Impls\Zipkin.Tracing\Zipkin.Tracing.csproj", "{2F25B186-3B49-4B33-80AA-06577CA7DAA1}"
EndProject
Project("{2150E333-8FDC-42A3-9474-1A3956D46DE8}") = "ServiceDiscovery", "ServiceDiscovery", "{2F87F8FB-3CC7-4379-91EA-A5A9B229C465}"
EndProject
Project("{FAE04EC0-301F-11D3-BF4B-00C04F79EFBC}") = "ServiceDiscovery", "src\Impls\ServiceDiscovery\ServiceDiscovery\ServiceDiscovery.csproj", "{D904E0B4-7FB6-407A-ACC9-675D845B5475}"
EndProject
Project("{FAE04EC0-301F-11D3-BF4B-00C04F79EFBC}") = "ServiceDiscovery.Consul", "src\Impls\ServiceDiscovery\ServiceDiscovery.Consul\ServiceDiscovery.Consul.csproj", "{29BB49FC-C184-402C-9FF6-452D35F9B0BE}"
EndProject
Project("{FAE04EC0-301F-11D3-BF4B-00C04F79EFBC}") = "ServiceDiscovery.Abstract", "src\Abstracts\ServiceDiscovery.Abstract\ServiceDiscovery.Abstract.csproj", "{83D63FFD-76AC-4D5A-B496-D50906F1AC27}"
EndProject
Project("{FAE04EC0-301F-11D3-BF4B-00C04F79EFBC}") = "DBTools.EntityFramework.Abstract", "src\Abstracts\DBTools.EntityFramework.Abstract\DBTools.EntityFramework.Abstract.csproj", "{56354B6F-14F4-4885-A36A-EFCA86485A60}"
EndProject
Project("{FAE04EC0-301F-11D3-BF4B-00C04F79EFBC}") = "DBTools.EntitytFramework.UnitTests", "tests\Impls\DBTools.EntitytFramework.UnitTests\DBTools.EntitytFramework.UnitTests.csproj", "{87F044C5-9DE0-40D8-AAE2-16E07CCF2D12}"
EndProject
Global
	GlobalSection(SolutionConfigurationPlatforms) = preSolution
		Debug|Any CPU = Debug|Any CPU
		Release|Any CPU = Release|Any CPU
	EndGlobalSection
	GlobalSection(ProjectConfigurationPlatforms) = postSolution
		{95D31EE6-D053-460E-9EFA-BF2998F7A6A8}.Debug|Any CPU.ActiveCfg = Debug|Any CPU
		{95D31EE6-D053-460E-9EFA-BF2998F7A6A8}.Debug|Any CPU.Build.0 = Debug|Any CPU
		{95D31EE6-D053-460E-9EFA-BF2998F7A6A8}.Release|Any CPU.ActiveCfg = Release|Any CPU
		{95D31EE6-D053-460E-9EFA-BF2998F7A6A8}.Release|Any CPU.Build.0 = Release|Any CPU
		{36B55B27-A163-435E-850B-7B3D6C4D08D2}.Debug|Any CPU.ActiveCfg = Debug|Any CPU
		{36B55B27-A163-435E-850B-7B3D6C4D08D2}.Debug|Any CPU.Build.0 = Debug|Any CPU
		{36B55B27-A163-435E-850B-7B3D6C4D08D2}.Release|Any CPU.ActiveCfg = Release|Any CPU
		{36B55B27-A163-435E-850B-7B3D6C4D08D2}.Release|Any CPU.Build.0 = Release|Any CPU
		{8D7B75C4-C1BC-476D-84B8-FE4177E23052}.Debug|Any CPU.ActiveCfg = Debug|Any CPU
		{8D7B75C4-C1BC-476D-84B8-FE4177E23052}.Debug|Any CPU.Build.0 = Debug|Any CPU
		{8D7B75C4-C1BC-476D-84B8-FE4177E23052}.Release|Any CPU.ActiveCfg = Release|Any CPU
		{8D7B75C4-C1BC-476D-84B8-FE4177E23052}.Release|Any CPU.Build.0 = Release|Any CPU
		{9D005E96-0588-4FC1-8F79-AB922D3F2972}.Debug|Any CPU.ActiveCfg = Debug|Any CPU
		{9D005E96-0588-4FC1-8F79-AB922D3F2972}.Debug|Any CPU.Build.0 = Debug|Any CPU
		{9D005E96-0588-4FC1-8F79-AB922D3F2972}.Release|Any CPU.ActiveCfg = Release|Any CPU
		{9D005E96-0588-4FC1-8F79-AB922D3F2972}.Release|Any CPU.Build.0 = Release|Any CPU
		{C0848611-7795-489B-A912-865EE1F0427A}.Debug|Any CPU.ActiveCfg = Debug|Any CPU
		{C0848611-7795-489B-A912-865EE1F0427A}.Debug|Any CPU.Build.0 = Debug|Any CPU
		{C0848611-7795-489B-A912-865EE1F0427A}.Release|Any CPU.ActiveCfg = Release|Any CPU
		{C0848611-7795-489B-A912-865EE1F0427A}.Release|Any CPU.Build.0 = Release|Any CPU
		{327A2AB6-0A31-4B71-A870-01216E6DF338}.Debug|Any CPU.ActiveCfg = Debug|Any CPU
		{327A2AB6-0A31-4B71-A870-01216E6DF338}.Debug|Any CPU.Build.0 = Debug|Any CPU
		{327A2AB6-0A31-4B71-A870-01216E6DF338}.Release|Any CPU.ActiveCfg = Release|Any CPU
		{327A2AB6-0A31-4B71-A870-01216E6DF338}.Release|Any CPU.Build.0 = Release|Any CPU
		{1E41DF83-9C21-4872-BF30-8D799F3F3A5B}.Debug|Any CPU.ActiveCfg = Debug|Any CPU
		{1E41DF83-9C21-4872-BF30-8D799F3F3A5B}.Debug|Any CPU.Build.0 = Debug|Any CPU
		{1E41DF83-9C21-4872-BF30-8D799F3F3A5B}.Release|Any CPU.ActiveCfg = Release|Any CPU
		{1E41DF83-9C21-4872-BF30-8D799F3F3A5B}.Release|Any CPU.Build.0 = Release|Any CPU
		{E5E6CDF4-07F2-43AE-9D95-373B63AF3912}.Debug|Any CPU.ActiveCfg = Debug|Any CPU
		{E5E6CDF4-07F2-43AE-9D95-373B63AF3912}.Debug|Any CPU.Build.0 = Debug|Any CPU
		{E5E6CDF4-07F2-43AE-9D95-373B63AF3912}.Release|Any CPU.ActiveCfg = Release|Any CPU
		{E5E6CDF4-07F2-43AE-9D95-373B63AF3912}.Release|Any CPU.Build.0 = Release|Any CPU
		{EFB715C3-EFA6-4F97-B167-2A7C81947EC6}.Debug|Any CPU.ActiveCfg = Debug|Any CPU
		{EFB715C3-EFA6-4F97-B167-2A7C81947EC6}.Debug|Any CPU.Build.0 = Debug|Any CPU
		{EFB715C3-EFA6-4F97-B167-2A7C81947EC6}.Release|Any CPU.ActiveCfg = Release|Any CPU
		{EFB715C3-EFA6-4F97-B167-2A7C81947EC6}.Release|Any CPU.Build.0 = Release|Any CPU
		{C711CEBD-1D58-4829-B121-DCFEDEE6E9D6}.Debug|Any CPU.ActiveCfg = Debug|Any CPU
		{C711CEBD-1D58-4829-B121-DCFEDEE6E9D6}.Debug|Any CPU.Build.0 = Debug|Any CPU
		{C711CEBD-1D58-4829-B121-DCFEDEE6E9D6}.Release|Any CPU.ActiveCfg = Release|Any CPU
		{C711CEBD-1D58-4829-B121-DCFEDEE6E9D6}.Release|Any CPU.Build.0 = Release|Any CPU
		{201DF4DB-BB70-453E-94B7-40C26085BB2A}.Debug|Any CPU.ActiveCfg = Debug|Any CPU
		{201DF4DB-BB70-453E-94B7-40C26085BB2A}.Debug|Any CPU.Build.0 = Debug|Any CPU
		{201DF4DB-BB70-453E-94B7-40C26085BB2A}.Release|Any CPU.ActiveCfg = Release|Any CPU
		{201DF4DB-BB70-453E-94B7-40C26085BB2A}.Release|Any CPU.Build.0 = Release|Any CPU
		{7AA3A580-1804-4537-BDB7-56D066F06D21}.Debug|Any CPU.ActiveCfg = Debug|Any CPU
		{7AA3A580-1804-4537-BDB7-56D066F06D21}.Debug|Any CPU.Build.0 = Debug|Any CPU
		{7AA3A580-1804-4537-BDB7-56D066F06D21}.Release|Any CPU.ActiveCfg = Release|Any CPU
		{7AA3A580-1804-4537-BDB7-56D066F06D21}.Release|Any CPU.Build.0 = Release|Any CPU
		{495765C7-0F6C-49F2-873B-B95DE618BE7B}.Debug|Any CPU.ActiveCfg = Debug|Any CPU
		{495765C7-0F6C-49F2-873B-B95DE618BE7B}.Debug|Any CPU.Build.0 = Debug|Any CPU
		{495765C7-0F6C-49F2-873B-B95DE618BE7B}.Release|Any CPU.ActiveCfg = Release|Any CPU
		{495765C7-0F6C-49F2-873B-B95DE618BE7B}.Release|Any CPU.Build.0 = Release|Any CPU
		{2F25B186-3B49-4B33-80AA-06577CA7DAA1}.Debug|Any CPU.ActiveCfg = Debug|Any CPU
		{2F25B186-3B49-4B33-80AA-06577CA7DAA1}.Debug|Any CPU.Build.0 = Debug|Any CPU
		{2F25B186-3B49-4B33-80AA-06577CA7DAA1}.Release|Any CPU.ActiveCfg = Release|Any CPU
		{2F25B186-3B49-4B33-80AA-06577CA7DAA1}.Release|Any CPU.Build.0 = Release|Any CPU
		{D904E0B4-7FB6-407A-ACC9-675D845B5475}.Debug|Any CPU.ActiveCfg = Debug|Any CPU
		{D904E0B4-7FB6-407A-ACC9-675D845B5475}.Debug|Any CPU.Build.0 = Debug|Any CPU
		{D904E0B4-7FB6-407A-ACC9-675D845B5475}.Release|Any CPU.ActiveCfg = Release|Any CPU
		{D904E0B4-7FB6-407A-ACC9-675D845B5475}.Release|Any CPU.Build.0 = Release|Any CPU
		{29BB49FC-C184-402C-9FF6-452D35F9B0BE}.Debug|Any CPU.ActiveCfg = Debug|Any CPU
		{29BB49FC-C184-402C-9FF6-452D35F9B0BE}.Debug|Any CPU.Build.0 = Debug|Any CPU
		{29BB49FC-C184-402C-9FF6-452D35F9B0BE}.Release|Any CPU.ActiveCfg = Release|Any CPU
		{29BB49FC-C184-402C-9FF6-452D35F9B0BE}.Release|Any CPU.Build.0 = Release|Any CPU
		{83D63FFD-76AC-4D5A-B496-D50906F1AC27}.Debug|Any CPU.ActiveCfg = Debug|Any CPU
		{83D63FFD-76AC-4D5A-B496-D50906F1AC27}.Debug|Any CPU.Build.0 = Debug|Any CPU
		{83D63FFD-76AC-4D5A-B496-D50906F1AC27}.Release|Any CPU.ActiveCfg = Release|Any CPU
		{83D63FFD-76AC-4D5A-B496-D50906F1AC27}.Release|Any CPU.Build.0 = Release|Any CPU
		{56354B6F-14F4-4885-A36A-EFCA86485A60}.Debug|Any CPU.ActiveCfg = Debug|Any CPU
		{56354B6F-14F4-4885-A36A-EFCA86485A60}.Debug|Any CPU.Build.0 = Debug|Any CPU
		{56354B6F-14F4-4885-A36A-EFCA86485A60}.Release|Any CPU.ActiveCfg = Release|Any CPU
		{56354B6F-14F4-4885-A36A-EFCA86485A60}.Release|Any CPU.Build.0 = Release|Any CPU
		{87F044C5-9DE0-40D8-AAE2-16E07CCF2D12}.Debug|Any CPU.ActiveCfg = Debug|Any CPU
		{87F044C5-9DE0-40D8-AAE2-16E07CCF2D12}.Debug|Any CPU.Build.0 = Debug|Any CPU
		{87F044C5-9DE0-40D8-AAE2-16E07CCF2D12}.Release|Any CPU.ActiveCfg = Release|Any CPU
		{87F044C5-9DE0-40D8-AAE2-16E07CCF2D12}.Release|Any CPU.Build.0 = Release|Any CPU
	EndGlobalSection
	GlobalSection(SolutionProperties) = preSolution
		HideSolutionNode = FALSE
	EndGlobalSection
	GlobalSection(NestedProjects) = preSolution
		{DE64E6EF-B0AD-4DFC-9148-2DA314C7795B} = {52E9752E-C2DC-4312-84F9-4DEF5CABC624}
		{95D31EE6-D053-460E-9EFA-BF2998F7A6A8} = {DE64E6EF-B0AD-4DFC-9148-2DA314C7795B}
		{D501608A-4951-4423-B53C-019DB1CA1E16} = {5BBBA998-C761-4EDA-9924-19070B6A71D8}
		{36B55B27-A163-435E-850B-7B3D6C4D08D2} = {D501608A-4951-4423-B53C-019DB1CA1E16}
		{8D7B75C4-C1BC-476D-84B8-FE4177E23052} = {DE64E6EF-B0AD-4DFC-9148-2DA314C7795B}
		{9D005E96-0588-4FC1-8F79-AB922D3F2972} = {D501608A-4951-4423-B53C-019DB1CA1E16}
		{7167596B-AF67-4970-9C47-6E513C0CE42D} = {52E9752E-C2DC-4312-84F9-4DEF5CABC624}
		{C0848611-7795-489B-A912-865EE1F0427A} = {7167596B-AF67-4970-9C47-6E513C0CE42D}
		{327A2AB6-0A31-4B71-A870-01216E6DF338} = {DE64E6EF-B0AD-4DFC-9148-2DA314C7795B}
		{1E41DF83-9C21-4872-BF30-8D799F3F3A5B} = {7167596B-AF67-4970-9C47-6E513C0CE42D}
		{E5E6CDF4-07F2-43AE-9D95-373B63AF3912} = {DE64E6EF-B0AD-4DFC-9148-2DA314C7795B}
		{EFB715C3-EFA6-4F97-B167-2A7C81947EC6} = {DE64E6EF-B0AD-4DFC-9148-2DA314C7795B}
		{CD565F30-EE9D-4ECA-82EC-62907AE1B4BC} = {DE64E6EF-B0AD-4DFC-9148-2DA314C7795B}
		{C711CEBD-1D58-4829-B121-DCFEDEE6E9D6} = {CD565F30-EE9D-4ECA-82EC-62907AE1B4BC}
		{201DF4DB-BB70-453E-94B7-40C26085BB2A} = {CD565F30-EE9D-4ECA-82EC-62907AE1B4BC}
		{7AA3A580-1804-4537-BDB7-56D066F06D21} = {7167596B-AF67-4970-9C47-6E513C0CE42D}
		{495765C7-0F6C-49F2-873B-B95DE618BE7B} = {DE64E6EF-B0AD-4DFC-9148-2DA314C7795B}
		{2F25B186-3B49-4B33-80AA-06577CA7DAA1} = {DE64E6EF-B0AD-4DFC-9148-2DA314C7795B}
		{2F87F8FB-3CC7-4379-91EA-A5A9B229C465} = {DE64E6EF-B0AD-4DFC-9148-2DA314C7795B}
		{D904E0B4-7FB6-407A-ACC9-675D845B5475} = {2F87F8FB-3CC7-4379-91EA-A5A9B229C465}
		{29BB49FC-C184-402C-9FF6-452D35F9B0BE} = {2F87F8FB-3CC7-4379-91EA-A5A9B229C465}
		{83D63FFD-76AC-4D5A-B496-D50906F1AC27} = {7167596B-AF67-4970-9C47-6E513C0CE42D}
		{56354B6F-14F4-4885-A36A-EFCA86485A60} = {7167596B-AF67-4970-9C47-6E513C0CE42D}
		{87F044C5-9DE0-40D8-AAE2-16E07CCF2D12} = {D501608A-4951-4423-B53C-019DB1CA1E16}
	EndGlobalSection
	GlobalSection(ExtensibilityGlobals) = postSolution
		SolutionGuid = {655EA42A-BC96-4E07-83A0-6D43D0230C64}
	EndGlobalSection
EndGlobal
